
Microsoft Visual Studio Solution File, Format Version 12.00
# Visual Studio Version 17
VisualStudioVersion = 17.14.36511.14 d17.14
MinimumVisualStudioVersion = 10.0.40219.1
Project("{FAE04EC0-301F-11D3-BF4B-00C04F79EFBC}") = "TestSpreadsheet", "TestSpreadsheet\TestSpreadsheet.csproj", "{4DC23D9B-7252-464A-80CA-2CC2310C956D}"
EndProject
Global
	GlobalSection(SolutionConfigurationPlatforms) = preSolution
		Debug|Any CPU = Debug|Any CPU
		Release|Any CPU = Release|Any CPU
	EndGlobalSection
	GlobalSection(ProjectConfigurationPlatforms) = postSolution
		{4DC23D9B-7252-464A-80CA-2CC2310C956D}.Debug|Any CPU.ActiveCfg = Debug|Any CPU
		{4DC23D9B-7252-464A-80CA-2CC2310C956D}.Debug|Any CPU.Build.0 = Debug|Any CPU
		{4DC23D9B-7252-464A-80CA-2CC2310C956D}.Release|Any CPU.ActiveCfg = Release|Any CPU
		{4DC23D9B-7252-464A-80CA-2CC2310C956D}.Release|Any CPU.Build.0 = Release|Any CPU
	EndGlobalSection
	GlobalSection(SolutionProperties) = preSolution
		HideSolutionNode = FALSE
	EndGlobalSection
	GlobalSection(ExtensibilityGlobals) = postSolution
		SolutionGuid = {7B380D7B-5310-4BA8-83C7-08897AF655B1}
	EndGlobalSection
EndGlobal
